
Microsoft Visual Studio Solution File, Format Version 12.00
# Visual Studio 15
VisualStudioVersion = 15.0.26730.12
MinimumVisualStudioVersion = 10.0.40219.1
Project("{9A19103F-16F7-4668-BE54-9A1E7A4F7556}") = "CHABS.API", "CHABS.API\CHABS.API.csproj", "{6371A89C-32E4-4074-A3B2-7920D4B37799}"
EndProject
Project("{9A19103F-16F7-4668-BE54-9A1E7A4F7556}") = "CHABS.Web", "CHABS.Web\CHABS.Web.csproj", "{BF583796-65E1-4006-8025-DFA3724C720C}"
EndProject
Project("{FAE04EC0-301F-11D3-BF4B-00C04F79EFBC}") = "CHABS.Job", "CHABS.Job\CHABS.Job.csproj", "{3D83CCAE-67A9-4535-AB57-DB8C18597169}"
EndProject
Global
	GlobalSection(SolutionConfigurationPlatforms) = preSolution
		Debug|Any CPU = Debug|Any CPU
		Release|Any CPU = Release|Any CPU
	EndGlobalSection
	GlobalSection(ProjectConfigurationPlatforms) = postSolution
		{6371A89C-32E4-4074-A3B2-7920D4B37799}.Debug|Any CPU.ActiveCfg = Debug|Any CPU
		{6371A89C-32E4-4074-A3B2-7920D4B37799}.Debug|Any CPU.Build.0 = Debug|Any CPU
		{6371A89C-32E4-4074-A3B2-7920D4B37799}.Release|Any CPU.ActiveCfg = Release|Any CPU
		{6371A89C-32E4-4074-A3B2-7920D4B37799}.Release|Any CPU.Build.0 = Release|Any CPU
		{BF583796-65E1-4006-8025-DFA3724C720C}.Debug|Any CPU.ActiveCfg = Debug|Any CPU
		{BF583796-65E1-4006-8025-DFA3724C720C}.Debug|Any CPU.Build.0 = Debug|Any CPU
		{BF583796-65E1-4006-8025-DFA3724C720C}.Release|Any CPU.ActiveCfg = Release|Any CPU
		{BF583796-65E1-4006-8025-DFA3724C720C}.Release|Any CPU.Build.0 = Release|Any CPU
		{3D83CCAE-67A9-4535-AB57-DB8C18597169}.Debug|Any CPU.ActiveCfg = Debug|Any CPU
		{3D83CCAE-67A9-4535-AB57-DB8C18597169}.Debug|Any CPU.Build.0 = Debug|Any CPU
		{3D83CCAE-67A9-4535-AB57-DB8C18597169}.Release|Any CPU.ActiveCfg = Release|Any CPU
		{3D83CCAE-67A9-4535-AB57-DB8C18597169}.Release|Any CPU.Build.0 = Release|Any CPU
	EndGlobalSection
	GlobalSection(SolutionProperties) = preSolution
		HideSolutionNode = FALSE
	EndGlobalSection
	GlobalSection(ExtensibilityGlobals) = postSolution
		SolutionGuid = {D3F8229B-BC1F-46CD-9C52-456A256A1650}
	EndGlobalSection
EndGlobal
